
Microsoft Visual Studio Solution File, Format Version 12.00
# Visual Studio Version 17
VisualStudioVersion = 17.10.35013.160
MinimumVisualStudioVersion = 10.0.40219.1
Project("{FAE04EC0-301F-11D3-BF4B-00C04F79EFBC}") = "Branch 1", "Branch 1.csproj", "{56F34DF5-D3CF-4113-BB49-2931833B64A3}"
EndProject
Global
	GlobalSection(SolutionConfigurationPlatforms) = preSolution
		Debug|Any CPU = Debug|Any CPU
		Release|Any CPU = Release|Any CPU
	EndGlobalSection
	GlobalSection(ProjectConfigurationPlatforms) = postSolution
		{56F34DF5-D3CF-4113-BB49-2931833B64A3}.Debug|Any CPU.ActiveCfg = Debug|Any CPU
		{56F34DF5-D3CF-4113-BB49-2931833B64A3}.Debug|Any CPU.Build.0 = Debug|Any CPU
		{56F34DF5-D3CF-4113-BB49-2931833B64A3}.Release|Any CPU.ActiveCfg = Release|Any CPU
		{56F34DF5-D3CF-4113-BB49-2931833B64A3}.Release|Any CPU.Build.0 = Release|Any CPU
	EndGlobalSection
	GlobalSection(SolutionProperties) = preSolution
		HideSolutionNode = FALSE
	EndGlobalSection
	GlobalSection(ExtensibilityGlobals) = postSolution
		SolutionGuid = {8F78236A-730C-4EE6-979E-50B67F7C595E}
	EndGlobalSection
EndGlobal
